
Microsoft Visual Studio Solution File, Format Version 12.00
# Visual Studio Version 16
VisualStudioVersion = 16.0.32630.194
MinimumVisualStudioVersion = 10.0.40219.1
Project("{8BC9CEB8-8B4A-11D0-8D11-00A0C91BC942}") = "Kernel", "Kernel Driver.vcxproj", "{890209E7-A524-4C81-A796-48BE62C82DF1}"
EndProject
Global
	GlobalSection(SolutionConfigurationPlatforms) = preSolution
		Release|x64 = Release|x64
	EndGlobalSection
	GlobalSection(ProjectConfigurationPlatforms) = postSolution
		{890209E7-A524-4C81-A796-48BE62C82DF1}.Release|x64.ActiveCfg = Release|x64
		{890209E7-A524-4C81-A796-48BE62C82DF1}.Release|x64.Build.0 = Release|x64
		{890209E7-A524-4C81-A796-48BE62C82DF1}.Release|x64.Deploy.0 = Release|x64
	EndGlobalSection
	GlobalSection(SolutionProperties) = preSolution
		HideSolutionNode = FALSE
	EndGlobalSection
	GlobalSection(ExtensibilityGlobals) = postSolution
		SolutionGuid = {BCC5925E-88A2-4C66-8046-20B1FC22771C}
	EndGlobalSection
EndGlobal
